// !$*UTF8*$!
{
	archiveVersion = 1;
	classes = {
	};
	objectVersion = 50;
	objects = {

/* Begin PBXBuildFile section */
		D63B4ED62245E79800E32D6F /* AppDelegate.swift in Sources */ = {isa = PBXBuildFile; fileRef = D63B4ED52245E79800E32D6F /* AppDelegate.swift */; };
		D63B4ED82245E79800E32D6F /* UserBaseViewController.swift in Sources */ = {isa = PBXBuildFile; fileRef = D63B4ED72245E79800E32D6F /* UserBaseViewController.swift */; };
		D63B4EDB2245E79800E32D6F /* Main.storyboard in Resources */ = {isa = PBXBuildFile; fileRef = D63B4ED92245E79800E32D6F /* Main.storyboard */; };
		D63B4EDD2245E79A00E32D6F /* Assets.xcassets in Resources */ = {isa = PBXBuildFile; fileRef = D63B4EDC2245E79A00E32D6F /* Assets.xcassets */; };
		D63B4EE02245E79A00E32D6F /* LaunchScreen.storyboard in Resources */ = {isa = PBXBuildFile; fileRef = D63B4EDE2245E79A00E32D6F /* LaunchScreen.storyboard */; };
		D63B4EEB2245E79A00E32D6F /* MassiveViewControllerTests.swift in Sources */ = {isa = PBXBuildFile; fileRef = D63B4EEA2245E79A00E32D6F /* MassiveViewControllerTests.swift */; };
		D63B4EF62245E8FA00E32D6F /* User.swift in Sources */ = {isa = PBXBuildFile; fileRef = D63B4EF52245E8FA00E32D6F /* User.swift */; };
		D63B4EF82245E99900E32D6F /* UserPage1.json in Resources */ = {isa = PBXBuildFile; fileRef = D63B4EF72245E99900E32D6F /* UserPage1.json */; };
		D63B4EFA224625F800E32D6F /* UserCell.swift in Sources */ = {isa = PBXBuildFile; fileRef = D63B4EF9224625F800E32D6F /* UserCell.swift */; };
		D64D1580224EBF8000D79894 /* UserPage2.json in Resources */ = {isa = PBXBuildFile; fileRef = D64D157F224EBF8000D79894 /* UserPage2.json */; };
		D64D1582224EDA5500D79894 /* UserPage3.json in Resources */ = {isa = PBXBuildFile; fileRef = D64D1581224EDA5500D79894 /* UserPage3.json */; };
		D64D1590224F49C800D79894 /* ErrorViewController.swift in Sources */ = {isa = PBXBuildFile; fileRef = D64D1588224F49C800D79894 /* ErrorViewController.swift */; };
		D64D1591224F49C800D79894 /* EmptyViewController.xib in Resources */ = {isa = PBXBuildFile; fileRef = D64D1589224F49C800D79894 /* EmptyViewController.xib */; };
		D64D1592224F49C800D79894 /* EmptyViewController.swift in Sources */ = {isa = PBXBuildFile; fileRef = D64D158A224F49C800D79894 /* EmptyViewController.swift */; };
		D64D1593224F49C800D79894 /* ErrorViewController.xib in Resources */ = {isa = PBXBuildFile; fileRef = D64D158B224F49C800D79894 /* ErrorViewController.xib */; };
		D64D1596224F49E600D79894 /* UIViewController+.swift in Sources */ = {isa = PBXBuildFile; fileRef = D64D1594224F49E600D79894 /* UIViewController+.swift */; };
		D64D1597224F49E600D79894 /* LoadingHandler.swift in Sources */ = {isa = PBXBuildFile; fileRef = D64D1595224F49E600D79894 /* LoadingHandler.swift */; };
		D64D159C224F4EAF00D79894 /* Instantiatable.swift in Sources */ = {isa = PBXBuildFile; fileRef = D64D159B224F4EAF00D79894 /* Instantiatable.swift */; };
		D64D159E224F4F7400D79894 /* UserListViewController.swift in Sources */ = {isa = PBXBuildFile; fileRef = D64D159D224F4F7400D79894 /* UserListViewController.swift */; };
		D64D15A0224F521700D79894 /* UserCellViewController.swift in Sources */ = {isa = PBXBuildFile; fileRef = D64D159F224F521700D79894 /* UserCellViewController.swift */; };
		D64D15A22250532900D79894 /* SearchViewController.swift in Sources */ = {isa = PBXBuildFile; fileRef = D64D15A12250532900D79894 /* SearchViewController.swift */; };
		D64D15AC2250674F00D79894 /* UserList.storyboard in Resources */ = {isa = PBXBuildFile; fileRef = D64D15AB2250674F00D79894 /* UserList.storyboard */; };
		D6E16FF322508B5A0066C9A7 /* NewUserButtonViewController.swift in Sources */ = {isa = PBXBuildFile; fileRef = D6E16FF122508B5A0066C9A7 /* NewUserButtonViewController.swift */; };
		D6E16FF8225090990066C9A7 /* ErrorProvider.swift in Sources */ = {isa = PBXBuildFile; fileRef = D6E16FF7225090990066C9A7 /* ErrorProvider.swift */; };
		D6E16FFA225090B40066C9A7 /* EmptyProvider.swift in Sources */ = {isa = PBXBuildFile; fileRef = D6E16FF9225090B40066C9A7 /* EmptyProvider.swift */; };
		D6E16FFD225091D40066C9A7 /* AlertHandler.swift in Sources */ = {isa = PBXBuildFile; fileRef = D6E16FFC225091D40066C9A7 /* AlertHandler.swift */; };
		D6E16FFF225093730066C9A7 /* ImageController.swift in Sources */ = {isa = PBXBuildFile; fileRef = D6E16FFE225093730066C9A7 /* ImageController.swift */; };
		D6E17004225097FC0066C9A7 /* CameraPermissionController.swift in Sources */ = {isa = PBXBuildFile; fileRef = D6E17003225097FC0066C9A7 /* CameraPermissionController.swift */; };
		D6E17006225098E40066C9A7 /* PhotoLibraryController.swift in Sources */ = {isa = PBXBuildFile; fileRef = D6E17005225098E40066C9A7 /* PhotoLibraryController.swift */; };
		D6E1700822509AE40066C9A7 /* UserProfileImageViewController.swift in Sources */ = {isa = PBXBuildFile; fileRef = D6E1700722509AE40066C9A7 /* UserProfileImageViewController.swift */; };
		D6F7E08C224AC48000124692 /* APIError.swift in Sources */ = {isa = PBXBuildFile; fileRef = D6F7E08B224AC48000124692 /* APIError.swift */; };
		D6F7E08E224AC4A600124692 /* DisplayState.swift in Sources */ = {isa = PBXBuildFile; fileRef = D6F7E08D224AC4A600124692 /* DisplayState.swift */; };
		D6F7E090224AC4C400124692 /* ImageError.swift in Sources */ = {isa = PBXBuildFile; fileRef = D6F7E08F224AC4C400124692 /* ImageError.swift */; };
		D6F7E092224AC4E500124692 /* Completion.swift in Sources */ = {isa = PBXBuildFile; fileRef = D6F7E091224AC4E500124692 /* Completion.swift */; };
/* End PBXBuildFile section */

/* Begin PBXContainerItemProxy section */
		D63B4EE72245E79A00E32D6F /* PBXContainerItemProxy */ = {
			isa = PBXContainerItemProxy;
			containerPortal = D63B4ECA2245E79800E32D6F /* Project object */;
			proxyType = 1;
			remoteGlobalIDString = D63B4ED12245E79800E32D6F;
			remoteInfo = MassiveViewController;
		};
/* End PBXContainerItemProxy section */

/* Begin PBXFileReference section */
		D63B4ED22245E79800E32D6F /* MassiveViewController.app */ = {isa = PBXFileReference; explicitFileType = wrapper.application; includeInIndex = 0; path = MassiveViewController.app; sourceTree = BUILT_PRODUCTS_DIR; };
		D63B4ED52245E79800E32D6F /* AppDelegate.swift */ = {isa = PBXFileReference; lastKnownFileType = sourcecode.swift; path = AppDelegate.swift; sourceTree = "<group>"; };
		D63B4ED72245E79800E32D6F /* UserBaseViewController.swift */ = {isa = PBXFileReference; lastKnownFileType = sourcecode.swift; path = UserBaseViewController.swift; sourceTree = "<group>"; };
		D63B4EDA2245E79800E32D6F /* Base */ = {isa = PBXFileReference; lastKnownFileType = file.storyboard; name = Base; path = Base.lproj/Main.storyboard; sourceTree = "<group>"; };
		D63B4EDC2245E79A00E32D6F /* Assets.xcassets */ = {isa = PBXFileReference; lastKnownFileType = folder.assetcatalog; path = Assets.xcassets; sourceTree = "<group>"; };
		D63B4EDF2245E79A00E32D6F /* Base */ = {isa = PBXFileReference; lastKnownFileType = file.storyboard; name = Base; path = Base.lproj/LaunchScreen.storyboard; sourceTree = "<group>"; };
		D63B4EE12245E79A00E32D6F /* Info.plist */ = {isa = PBXFileReference; lastKnownFileType = text.plist.xml; path = Info.plist; sourceTree = "<group>"; };
		D63B4EE62245E79A00E32D6F /* MassiveViewControllerTests.xctest */ = {isa = PBXFileReference; explicitFileType = wrapper.cfbundle; includeInIndex = 0; path = MassiveViewControllerTests.xctest; sourceTree = BUILT_PRODUCTS_DIR; };
		D63B4EEA2245E79A00E32D6F /* MassiveViewControllerTests.swift */ = {isa = PBXFileReference; lastKnownFileType = sourcecode.swift; path = MassiveViewControllerTests.swift; sourceTree = "<group>"; };
		D63B4EEC2245E79A00E32D6F /* Info.plist */ = {isa = PBXFileReference; lastKnownFileType = text.plist.xml; path = Info.plist; sourceTree = "<group>"; };
		D63B4EF52245E8FA00E32D6F /* User.swift */ = {isa = PBXFileReference; lastKnownFileType = sourcecode.swift; path = User.swift; sourceTree = "<group>"; };
		D63B4EF72245E99900E32D6F /* UserPage1.json */ = {isa = PBXFileReference; lastKnownFileType = text.json; path = UserPage1.json; sourceTree = "<group>"; };
		D63B4EF9224625F800E32D6F /* UserCell.swift */ = {isa = PBXFileReference; lastKnownFileType = sourcecode.swift; path = UserCell.swift; sourceTree = "<group>"; };
		D64D157F224EBF8000D79894 /* UserPage2.json */ = {isa = PBXFileReference; lastKnownFileType = text.json; path = UserPage2.json; sourceTree = "<group>"; };
		D64D1581224EDA5500D79894 /* UserPage3.json */ = {isa = PBXFileReference; lastKnownFileType = text.json; path = UserPage3.json; sourceTree = "<group>"; };
		D64D1588224F49C800D79894 /* ErrorViewController.swift */ = {isa = PBXFileReference; fileEncoding = 4; lastKnownFileType = sourcecode.swift; path = ErrorViewController.swift; sourceTree = "<group>"; };
		D64D1589224F49C800D79894 /* EmptyViewController.xib */ = {isa = PBXFileReference; fileEncoding = 4; lastKnownFileType = file.xib; path = EmptyViewController.xib; sourceTree = "<group>"; };
		D64D158A224F49C800D79894 /* EmptyViewController.swift */ = {isa = PBXFileReference; fileEncoding = 4; lastKnownFileType = sourcecode.swift; path = EmptyViewController.swift; sourceTree = "<group>"; };
		D64D158B224F49C800D79894 /* ErrorViewController.xib */ = {isa = PBXFileReference; fileEncoding = 4; lastKnownFileType = file.xib; path = ErrorViewController.xib; sourceTree = "<group>"; };
		D64D1594224F49E600D79894 /* UIViewController+.swift */ = {isa = PBXFileReference; fileEncoding = 4; lastKnownFileType = sourcecode.swift; path = "UIViewController+.swift"; sourceTree = "<group>"; };
		D64D1595224F49E600D79894 /* LoadingHandler.swift */ = {isa = PBXFileReference; fileEncoding = 4; lastKnownFileType = sourcecode.swift; path = LoadingHandler.swift; sourceTree = "<group>"; };
		D64D159B224F4EAF00D79894 /* Instantiatable.swift */ = {isa = PBXFileReference; fileEncoding = 4; lastKnownFileType = sourcecode.swift; path = Instantiatable.swift; sourceTree = "<group>"; };
		D64D159D224F4F7400D79894 /* UserListViewController.swift */ = {isa = PBXFileReference; lastKnownFileType = sourcecode.swift; path = UserListViewController.swift; sourceTree = "<group>"; };
		D64D159F224F521700D79894 /* UserCellViewController.swift */ = {isa = PBXFileReference; lastKnownFileType = sourcecode.swift; path = UserCellViewController.swift; sourceTree = "<group>"; };
		D64D15A12250532900D79894 /* SearchViewController.swift */ = {isa = PBXFileReference; lastKnownFileType = sourcecode.swift; path = SearchViewController.swift; sourceTree = "<group>"; };
		D64D15AB2250674F00D79894 /* UserList.storyboard */ = {isa = PBXFileReference; lastKnownFileType = file.storyboard; path = UserList.storyboard; sourceTree = "<group>"; };
		D6E16FF122508B5A0066C9A7 /* NewUserButtonViewController.swift */ = {isa = PBXFileReference; lastKnownFileType = sourcecode.swift; path = NewUserButtonViewController.swift; sourceTree = "<group>"; };
		D6E16FF7225090990066C9A7 /* ErrorProvider.swift */ = {isa = PBXFileReference; lastKnownFileType = sourcecode.swift; path = ErrorProvider.swift; sourceTree = "<group>"; };
		D6E16FF9225090B40066C9A7 /* EmptyProvider.swift */ = {isa = PBXFileReference; lastKnownFileType = sourcecode.swift; path = EmptyProvider.swift; sourceTree = "<group>"; };
		D6E16FFC225091D40066C9A7 /* AlertHandler.swift */ = {isa = PBXFileReference; lastKnownFileType = sourcecode.swift; path = AlertHandler.swift; sourceTree = "<group>"; };
		D6E16FFE225093730066C9A7 /* ImageController.swift */ = {isa = PBXFileReference; lastKnownFileType = sourcecode.swift; path = ImageController.swift; sourceTree = "<group>"; };
		D6E17003225097FC0066C9A7 /* CameraPermissionController.swift */ = {isa = PBXFileReference; lastKnownFileType = sourcecode.swift; path = CameraPermissionController.swift; sourceTree = "<group>"; };
		D6E17005225098E40066C9A7 /* PhotoLibraryController.swift */ = {isa = PBXFileReference; lastKnownFileType = sourcecode.swift; path = PhotoLibraryController.swift; sourceTree = "<group>"; };
		D6E1700722509AE40066C9A7 /* UserProfileImageViewController.swift */ = {isa = PBXFileReference; lastKnownFileType = sourcecode.swift; path = UserProfileImageViewController.swift; sourceTree = "<group>"; };
		D6F7E08B224AC48000124692 /* APIError.swift */ = {isa = PBXFileReference; lastKnownFileType = sourcecode.swift; path = APIError.swift; sourceTree = "<group>"; };
		D6F7E08D224AC4A600124692 /* DisplayState.swift */ = {isa = PBXFileReference; lastKnownFileType = sourcecode.swift; path = DisplayState.swift; sourceTree = "<group>"; };
		D6F7E08F224AC4C400124692 /* ImageError.swift */ = {isa = PBXFileReference; lastKnownFileType = sourcecode.swift; path = ImageError.swift; sourceTree = "<group>"; };
		D6F7E091224AC4E500124692 /* Completion.swift */ = {isa = PBXFileReference; lastKnownFileType = sourcecode.swift; path = Completion.swift; sourceTree = "<group>"; };
/* End PBXFileReference section */

/* Begin PBXFrameworksBuildPhase section */
		D63B4ECF2245E79800E32D6F /* Frameworks */ = {
			isa = PBXFrameworksBuildPhase;
			buildActionMask = 2147483647;
			files = (
			);
			runOnlyForDeploymentPostprocessing = 0;
		};
		D63B4EE32245E79A00E32D6F /* Frameworks */ = {
			isa = PBXFrameworksBuildPhase;
			buildActionMask = 2147483647;
			files = (
			);
			runOnlyForDeploymentPostprocessing = 0;
		};
/* End PBXFrameworksBuildPhase section */

/* Begin PBXGroup section */
		D63B4EC92245E79800E32D6F = {
			isa = PBXGroup;
			children = (
				D63B4ED42245E79800E32D6F /* MassiveViewController */,
				D63B4EE92245E79A00E32D6F /* MassiveViewControllerTests */,
				D63B4ED32245E79800E32D6F /* Products */,
			);
			sourceTree = "<group>";
		};
		D63B4ED32245E79800E32D6F /* Products */ = {
			isa = PBXGroup;
			children = (
				D63B4ED22245E79800E32D6F /* MassiveViewController.app */,
				D63B4EE62245E79A00E32D6F /* MassiveViewControllerTests.xctest */,
			);
			name = Products;
			sourceTree = "<group>";
		};
		D63B4ED42245E79800E32D6F /* MassiveViewController */ = {
			isa = PBXGroup;
			children = (
				D6E170002250964B0066C9A7 /* Permission */,
				D6E16FFB225091580066C9A7 /* API */,
				D64D15A6225065BE00D79894 /* Business */,
				D64D15A52250658F00D79894 /* Model */,
				D64D15A42250656D00D79894 /* Protocol */,
				D64D15A32250655D00D79894 /* Extension */,
				D64D1598224F4B5200D79894 /* View */,
				D63B4ED52245E79800E32D6F /* AppDelegate.swift */,
				D63B4ED92245E79800E32D6F /* Main.storyboard */,
				D63B4EDC2245E79A00E32D6F /* Assets.xcassets */,
				D63B4EDE2245E79A00E32D6F /* LaunchScreen.storyboard */,
				D63B4EE12245E79A00E32D6F /* Info.plist */,
			);
			path = MassiveViewController;
			sourceTree = "<group>";
		};
		D63B4EE92245E79A00E32D6F /* MassiveViewControllerTests */ = {
			isa = PBXGroup;
			children = (
				D63B4EEA2245E79A00E32D6F /* MassiveViewControllerTests.swift */,
				D63B4EEC2245E79A00E32D6F /* Info.plist */,
			);
			path = MassiveViewControllerTests;
			sourceTree = "<group>";
		};
		D64D157E224EBF6000D79894 /* DummyUserData */ = {
			isa = PBXGroup;
			children = (
				D63B4EF72245E99900E32D6F /* UserPage1.json */,
				D64D157F224EBF8000D79894 /* UserPage2.json */,
				D64D1581224EDA5500D79894 /* UserPage3.json */,
			);
			path = DummyUserData;
			sourceTree = "<group>";
		};
		D64D1598224F4B5200D79894 /* View */ = {
			isa = PBXGroup;
			children = (
				D64D1588224F49C800D79894 /* ErrorViewController.swift */,
				D64D1589224F49C800D79894 /* EmptyViewController.xib */,
				D64D158A224F49C800D79894 /* EmptyViewController.swift */,
				D64D158B224F49C800D79894 /* ErrorViewController.xib */,
				D6E16FF7225090990066C9A7 /* ErrorProvider.swift */,
				D6E16FF9225090B40066C9A7 /* EmptyProvider.swift */,
				D6F7E08D224AC4A600124692 /* DisplayState.swift */,
			);
			path = View;
			sourceTree = "<group>";
		};
		D64D15A32250655D00D79894 /* Extension */ = {
			isa = PBXGroup;
			children = (
				D64D1594224F49E600D79894 /* UIViewController+.swift */,
			);
			path = Extension;
			sourceTree = "<group>";
		};
		D64D15A42250656D00D79894 /* Protocol */ = {
			isa = PBXGroup;
			children = (
				D64D159B224F4EAF00D79894 /* Instantiatable.swift */,
				D64D1595224F49E600D79894 /* LoadingHandler.swift */,
				D6E16FFC225091D40066C9A7 /* AlertHandler.swift */,
			);
			path = Protocol;
			sourceTree = "<group>";
		};
		D64D15A52250658F00D79894 /* Model */ = {
			isa = PBXGroup;
			children = (
				D63B4EF52245E8FA00E32D6F /* User.swift */,
			);
			path = Model;
			sourceTree = "<group>";
		};
		D64D15A6225065BE00D79894 /* Business */ = {
			isa = PBXGroup;
			children = (
				D64D15A7225065CF00D79894 /* UserList */,
			);
			path = Business;
			sourceTree = "<group>";
		};
		D64D15A7225065CF00D79894 /* UserList */ = {
			isa = PBXGroup;
			children = (
				D63B4ED72245E79800E32D6F /* UserBaseViewController.swift */,
				D63B4EF9224625F800E32D6F /* UserCell.swift */,
				D64D159D224F4F7400D79894 /* UserListViewController.swift */,
				D64D159F224F521700D79894 /* UserCellViewController.swift */,
				D64D15A12250532900D79894 /* SearchViewController.swift */,
				D64D15AB2250674F00D79894 /* UserList.storyboard */,
				D6E16FF122508B5A0066C9A7 /* NewUserButtonViewController.swift */,
				D6E1700722509AE40066C9A7 /* UserProfileImageViewController.swift */,
			);
			path = UserList;
			sourceTree = "<group>";
		};
		D6E16FFB225091580066C9A7 /* API */ = {
			isa = PBXGroup;
			children = (
				D64D157E224EBF6000D79894 /* DummyUserData */,
				D6F7E08B224AC48000124692 /* APIError.swift */,
				D6F7E08F224AC4C400124692 /* ImageError.swift */,
				D6F7E091224AC4E500124692 /* Completion.swift */,
				D6E16FFE225093730066C9A7 /* ImageController.swift */,
			);
			path = API;
			sourceTree = "<group>";
		};
		D6E170002250964B0066C9A7 /* Permission */ = {
			isa = PBXGroup;
			children = (
				D6E17003225097FC0066C9A7 /* CameraPermissionController.swift */,
				D6E17005225098E40066C9A7 /* PhotoLibraryController.swift */,
			);
			path = Permission;
			sourceTree = "<group>";
		};
/* End PBXGroup section */

/* Begin PBXNativeTarget section */
		D63B4ED12245E79800E32D6F /* MassiveViewController */ = {
			isa = PBXNativeTarget;
			buildConfigurationList = D63B4EEF2245E79A00E32D6F /* Build configuration list for PBXNativeTarget "MassiveViewController" */;
			buildPhases = (
				D63B4ECE2245E79800E32D6F /* Sources */,
				D63B4ECF2245E79800E32D6F /* Frameworks */,
				D63B4ED02245E79800E32D6F /* Resources */,
			);
			buildRules = (
			);
			dependencies = (
			);
			name = MassiveViewController;
			productName = MassiveViewController;
			productReference = D63B4ED22245E79800E32D6F /* MassiveViewController.app */;
			productType = "com.apple.product-type.application";
		};
		D63B4EE52245E79A00E32D6F /* MassiveViewControllerTests */ = {
			isa = PBXNativeTarget;
			buildConfigurationList = D63B4EF22245E79A00E32D6F /* Build configuration list for PBXNativeTarget "MassiveViewControllerTests" */;
			buildPhases = (
				D63B4EE22245E79A00E32D6F /* Sources */,
				D63B4EE32245E79A00E32D6F /* Frameworks */,
				D63B4EE42245E79A00E32D6F /* Resources */,
			);
			buildRules = (
			);
			dependencies = (
				D63B4EE82245E79A00E32D6F /* PBXTargetDependency */,
			);
			name = MassiveViewControllerTests;
			productName = MassiveViewControllerTests;
			productReference = D63B4EE62245E79A00E32D6F /* MassiveViewControllerTests.xctest */;
			productType = "com.apple.product-type.bundle.unit-test";
		};
/* End PBXNativeTarget section */

/* Begin PBXProject section */
		D63B4ECA2245E79800E32D6F /* Project object */ = {
			isa = PBXProject;
			attributes = {
				LastSwiftUpdateCheck = 1020;
				LastUpgradeCheck = 1020;
				ORGANIZATIONNAME = shiz;
				TargetAttributes = {
					D63B4ED12245E79800E32D6F = {
						CreatedOnToolsVersion = 10.2;
					};
					D63B4EE52245E79A00E32D6F = {
						CreatedOnToolsVersion = 10.2;
						TestTargetID = D63B4ED12245E79800E32D6F;
					};
				};
			};
			buildConfigurationList = D63B4ECD2245E79800E32D6F /* Build configuration list for PBXProject "MassiveViewController" */;
			compatibilityVersion = "Xcode 9.3";
			developmentRegion = en;
			hasScannedForEncodings = 0;
			knownRegions = (
				en,
				Base,
			);
			mainGroup = D63B4EC92245E79800E32D6F;
			productRefGroup = D63B4ED32245E79800E32D6F /* Products */;
			projectDirPath = "";
			projectRoot = "";
			targets = (
				D63B4ED12245E79800E32D6F /* MassiveViewController */,
				D63B4EE52245E79A00E32D6F /* MassiveViewControllerTests */,
			);
		};
/* End PBXProject section */

/* Begin PBXResourcesBuildPhase section */
		D63B4ED02245E79800E32D6F /* Resources */ = {
			isa = PBXResourcesBuildPhase;
			buildActionMask = 2147483647;
			files = (
				D64D15AC2250674F00D79894 /* UserList.storyboard in Resources */,
				D63B4EF82245E99900E32D6F /* UserPage1.json in Resources */,
				D64D1593224F49C800D79894 /* ErrorViewController.xib in Resources */,
				D64D1591224F49C800D79894 /* EmptyViewController.xib in Resources */,
				D63B4EE02245E79A00E32D6F /* LaunchScreen.storyboard in Resources */,
				D63B4EDD2245E79A00E32D6F /* Assets.xcassets in Resources */,
				D64D1580224EBF8000D79894 /* UserPage2.json in Resources */,
				D63B4EDB2245E79800E32D6F /* Main.storyboard in Resources */,
				D64D1582224EDA5500D79894 /* UserPage3.json in Resources */,
			);
			runOnlyForDeploymentPostprocessing = 0;
		};
		D63B4EE42245E79A00E32D6F /* Resources */ = {
			isa = PBXResourcesBuildPhase;
			buildActionMask = 2147483647;
			files = (
			);
			runOnlyForDeploymentPostprocessing = 0;
		};
/* End PBXResourcesBuildPhase section */

/* Begin PBXSourcesBuildPhase section */
		D63B4ECE2245E79800E32D6F /* Sources */ = {
			isa = PBXSourcesBuildPhase;
			buildActionMask = 2147483647;
			files = (
				D63B4EFA224625F800E32D6F /* UserCell.swift in Sources */,
				D64D1596224F49E600D79894 /* UIViewController+.swift in Sources */,
				D6E17006225098E40066C9A7 /* PhotoLibraryController.swift in Sources */,
				D64D1590224F49C800D79894 /* ErrorViewController.swift in Sources */,
				D6E16FF322508B5A0066C9A7 /* NewUserButtonViewController.swift in Sources */,
				D63B4ED82245E79800E32D6F /* UserBaseViewController.swift in Sources */,
				D64D159C224F4EAF00D79894 /* Instantiatable.swift in Sources */,
				D6E17004225097FC0066C9A7 /* CameraPermissionController.swift in Sources */,
				D63B4ED62245E79800E32D6F /* AppDelegate.swift in Sources */,
				D6E16FFD225091D40066C9A7 /* AlertHandler.swift in Sources */,
				D6E16FF8225090990066C9A7 /* ErrorProvider.swift in Sources */,
				D63B4EF62245E8FA00E32D6F /* User.swift in Sources */,
				D6F7E08C224AC48000124692 /* APIError.swift in Sources */,
				D64D159E224F4F7400D79894 /* UserListViewController.swift in Sources */,
				D64D1597224F49E600D79894 /* LoadingHandler.swift in Sources */,
				D64D15A22250532900D79894 /* SearchViewController.swift in Sources */,
				D6E16FFF225093730066C9A7 /* ImageController.swift in Sources */,
				D6E1700822509AE40066C9A7 /* UserProfileImageViewController.swift in Sources */,
				D6F7E092224AC4E500124692 /* Completion.swift in Sources */,
				D6F7E08E224AC4A600124692 /* DisplayState.swift in Sources */,
				D6E16FFA225090B40066C9A7 /* EmptyProvider.swift in Sources */,
				D64D15A0224F521700D79894 /* UserCellViewController.swift in Sources */,
				D64D1592224F49C800D79894 /* EmptyViewController.swift in Sources */,
				D6F7E090224AC4C400124692 /* ImageError.swift in Sources */,
			);
			runOnlyForDeploymentPostprocessing = 0;
		};
		D63B4EE22245E79A00E32D6F /* Sources */ = {
			isa = PBXSourcesBuildPhase;
			buildActionMask = 2147483647;
			files = (
				D63B4EEB2245E79A00E32D6F /* MassiveViewControllerTests.swift in Sources */,
			);
			runOnlyForDeploymentPostprocessing = 0;
		};
/* End PBXSourcesBuildPhase section */

/* Begin PBXTargetDependency section */
		D63B4EE82245E79A00E32D6F /* PBXTargetDependency */ = {
			isa = PBXTargetDependency;
			target = D63B4ED12245E79800E32D6F /* MassiveViewController */;
			targetProxy = D63B4EE72245E79A00E32D6F /* PBXContainerItemProxy */;
		};
/* End PBXTargetDependency section */

/* Begin PBXVariantGroup section */
		D63B4ED92245E79800E32D6F /* Main.storyboard */ = {
			isa = PBXVariantGroup;
			children = (
				D63B4EDA2245E79800E32D6F /* Base */,
			);
			name = Main.storyboard;
			sourceTree = "<group>";
		};
		D63B4EDE2245E79A00E32D6F /* LaunchScreen.storyboard */ = {
			isa = PBXVariantGroup;
			children = (
				D63B4EDF2245E79A00E32D6F /* Base */,
			);
			name = LaunchScreen.storyboard;
			sourceTree = "<group>";
		};
/* End PBXVariantGroup section */

/* Begin XCBuildConfiguration section */
		D63B4EED2245E79A00E32D6F /* Debug */ = {
			isa = XCBuildConfiguration;
			buildSettings = {
				ALWAYS_SEARCH_USER_PATHS = NO;
				CLANG_ANALYZER_NONNULL = YES;
				CLANG_ANALYZER_NUMBER_OBJECT_CONVERSION = YES_AGGRESSIVE;
				CLANG_CXX_LANGUAGE_STANDARD = "gnu++14";
				CLANG_CXX_LIBRARY = "libc++";
				CLANG_ENABLE_MODULES = YES;
				CLANG_ENABLE_OBJC_ARC = YES;
				CLANG_ENABLE_OBJC_WEAK = YES;
				CLANG_WARN_BLOCK_CAPTURE_AUTORELEASING = YES;
				CLANG_WARN_BOOL_CONVERSION = YES;
				CLANG_WARN_COMMA = YES;
				CLANG_WARN_CONSTANT_CONVERSION = YES;
				CLANG_WARN_DEPRECATED_OBJC_IMPLEMENTATIONS = YES;
				CLANG_WARN_DIRECT_OBJC_ISA_USAGE = YES_ERROR;
				CLANG_WARN_DOCUMENTATION_COMMENTS = YES;
				CLANG_WARN_EMPTY_BODY = YES;
				CLANG_WARN_ENUM_CONVERSION = YES;
				CLANG_WARN_INFINITE_RECURSION = YES;
				CLANG_WARN_INT_CONVERSION = YES;
				CLANG_WARN_NON_LITERAL_NULL_CONVERSION = YES;
				CLANG_WARN_OBJC_IMPLICIT_RETAIN_SELF = YES;
				CLANG_WARN_OBJC_LITERAL_CONVERSION = YES;
				CLANG_WARN_OBJC_ROOT_CLASS = YES_ERROR;
				CLANG_WARN_RANGE_LOOP_ANALYSIS = YES;
				CLANG_WARN_STRICT_PROTOTYPES = YES;
				CLANG_WARN_SUSPICIOUS_MOVE = YES;
				CLANG_WARN_UNGUARDED_AVAILABILITY = YES_AGGRESSIVE;
				CLANG_WARN_UNREACHABLE_CODE = YES;
				CLANG_WARN__DUPLICATE_METHOD_MATCH = YES;
				CODE_SIGN_IDENTITY = "iPhone Developer";
				COPY_PHASE_STRIP = NO;
				DEBUG_INFORMATION_FORMAT = dwarf;
				ENABLE_STRICT_OBJC_MSGSEND = YES;
				ENABLE_TESTABILITY = YES;
				GCC_C_LANGUAGE_STANDARD = gnu11;
				GCC_DYNAMIC_NO_PIC = NO;
				GCC_NO_COMMON_BLOCKS = YES;
				GCC_OPTIMIZATION_LEVEL = 0;
				GCC_PREPROCESSOR_DEFINITIONS = (
					"DEBUG=1",
					"$(inherited)",
				);
				GCC_WARN_64_TO_32_BIT_CONVERSION = YES;
				GCC_WARN_ABOUT_RETURN_TYPE = YES_ERROR;
				GCC_WARN_UNDECLARED_SELECTOR = YES;
				GCC_WARN_UNINITIALIZED_AUTOS = YES_AGGRESSIVE;
				GCC_WARN_UNUSED_FUNCTION = YES;
				GCC_WARN_UNUSED_VARIABLE = YES;
				IPHONEOS_DEPLOYMENT_TARGET = 12.2;
				MTL_ENABLE_DEBUG_INFO = INCLUDE_SOURCE;
				MTL_FAST_MATH = YES;
				ONLY_ACTIVE_ARCH = YES;
				SDKROOT = iphoneos;
				SWIFT_ACTIVE_COMPILATION_CONDITIONS = DEBUG;
				SWIFT_OPTIMIZATION_LEVEL = "-Onone";
			};
			name = Debug;
		};
		D63B4EEE2245E79A00E32D6F /* Release */ = {
			isa = XCBuildConfiguration;
			buildSettings = {
				ALWAYS_SEARCH_USER_PATHS = NO;
				CLANG_ANALYZER_NONNULL = YES;
				CLANG_ANALYZER_NUMBER_OBJECT_CONVERSION = YES_AGGRESSIVE;
				CLANG_CXX_LANGUAGE_STANDARD = "gnu++14";
				CLANG_CXX_LIBRARY = "libc++";
				CLANG_ENABLE_MODULES = YES;
				CLANG_ENABLE_OBJC_ARC = YES;
				CLANG_ENABLE_OBJC_WEAK = YES;
				CLANG_WARN_BLOCK_CAPTURE_AUTORELEASING = YES;
				CLANG_WARN_BOOL_CONVERSION = YES;
				CLANG_WARN_COMMA = YES;
				CLANG_WARN_CONSTANT_CONVERSION = YES;
				CLANG_WARN_DEPRECATED_OBJC_IMPLEMENTATIONS = YES;
				CLANG_WARN_DIRECT_OBJC_ISA_USAGE = YES_ERROR;
				CLANG_WARN_DOCUMENTATION_COMMENTS = YES;
				CLANG_WARN_EMPTY_BODY = YES;
				CLANG_WARN_ENUM_CONVERSION = YES;
				CLANG_WARN_INFINITE_RECURSION = YES;
				CLANG_WARN_INT_CONVERSION = YES;
				CLANG_WARN_NON_LITERAL_NULL_CONVERSION = YES;
				CLANG_WARN_OBJC_IMPLICIT_RETAIN_SELF = YES;
				CLANG_WARN_OBJC_LITERAL_CONVERSION = YES;
				CLANG_WARN_OBJC_ROOT_CLASS = YES_ERROR;
				CLANG_WARN_RANGE_LOOP_ANALYSIS = YES;
				CLANG_WARN_STRICT_PROTOTYPES = YES;
				CLANG_WARN_SUSPICIOUS_MOVE = YES;
				CLANG_WARN_UNGUARDED_AVAILABILITY = YES_AGGRESSIVE;
				CLANG_WARN_UNREACHABLE_CODE = YES;
				CLANG_WARN__DUPLICATE_METHOD_MATCH = YES;
				CODE_SIGN_IDENTITY = "iPhone Developer";
				COPY_PHASE_STRIP = NO;
				DEBUG_INFORMATION_FORMAT = "dwarf-with-dsym";
				ENABLE_NS_ASSERTIONS = NO;
				ENABLE_STRICT_OBJC_MSGSEND = YES;
				GCC_C_LANGUAGE_STANDARD = gnu11;
				GCC_NO_COMMON_BLOCKS = YES;
				GCC_WARN_64_TO_32_BIT_CONVERSION = YES;
				GCC_WARN_ABOUT_RETURN_TYPE = YES_ERROR;
				GCC_WARN_UNDECLARED_SELECTOR = YES;
				GCC_WARN_UNINITIALIZED_AUTOS = YES_AGGRESSIVE;
				GCC_WARN_UNUSED_FUNCTION = YES;
				GCC_WARN_UNUSED_VARIABLE = YES;
				IPHONEOS_DEPLOYMENT_TARGET = 12.2;
				MTL_ENABLE_DEBUG_INFO = NO;
				MTL_FAST_MATH = YES;
				SDKROOT = iphoneos;
				SWIFT_COMPILATION_MODE = wholemodule;
				SWIFT_OPTIMIZATION_LEVEL = "-O";
				VALIDATE_PRODUCT = YES;
			};
			name = Release;
		};
		D63B4EF02245E79A00E32D6F /* Debug */ = {
			isa = XCBuildConfiguration;
			buildSettings = {
				ASSETCATALOG_COMPILER_APPICON_NAME = AppIcon;
				CODE_SIGN_STYLE = Automatic;
				DEVELOPMENT_TEAM = L8VFCZLW2Z;
				INFOPLIST_FILE = MassiveViewController/Info.plist;
				LD_RUNPATH_SEARCH_PATHS = (
					"$(inherited)",
					"@executable_path/Frameworks",
				);
				PRODUCT_BUNDLE_IDENTIFIER = shiz.sample.MassiveViewController;
				PRODUCT_NAME = "$(TARGET_NAME)";
				SWIFT_VERSION = 5.0;
				TARGETED_DEVICE_FAMILY = "1,2";
			};
			name = Debug;
		};
		D63B4EF12245E79A00E32D6F /* Release */ = {
			isa = XCBuildConfiguration;
			buildSettings = {
				ASSETCATALOG_COMPILER_APPICON_NAME = AppIcon;
				CODE_SIGN_STYLE = Automatic;
				DEVELOPMENT_TEAM = L8VFCZLW2Z;
				INFOPLIST_FILE = MassiveViewController/Info.plist;
				LD_RUNPATH_SEARCH_PATHS = (
					"$(inherited)",
					"@executable_path/Frameworks",
				);
				PRODUCT_BUNDLE_IDENTIFIER = shiz.sample.MassiveViewController;
				PRODUCT_NAME = "$(TARGET_NAME)";
				SWIFT_VERSION = 5.0;
				TARGETED_DEVICE_FAMILY = "1,2";
			};
			name = Release;
		};
		D63B4EF32245E79A00E32D6F /* Debug */ = {
			isa = XCBuildConfiguration;
			buildSettings = {
				ALWAYS_EMBED_SWIFT_STANDARD_LIBRARIES = YES;
				BUNDLE_LOADER = "$(TEST_HOST)";
				CODE_SIGN_STYLE = Automatic;
				DEVELOPMENT_TEAM = L8VFCZLW2Z;
				INFOPLIST_FILE = MassiveViewControllerTests/Info.plist;
				LD_RUNPATH_SEARCH_PATHS = (
					"$(inherited)",
					"@executable_path/Frameworks",
					"@loader_path/Frameworks",
				);
				PRODUCT_BUNDLE_IDENTIFIER = shiz.sample.MassiveViewControllerTests;
				PRODUCT_NAME = "$(TARGET_NAME)";
				SWIFT_VERSION = 5.0;
				TARGETED_DEVICE_FAMILY = "1,2";
				TEST_HOST = "$(BUILT_PRODUCTS_DIR)/MassiveViewController.app/MassiveViewController";
			};
			name = Debug;
		};
		D63B4EF42245E79A00E32D6F /* Release */ = {
			isa = XCBuildConfiguration;
			buildSettings = {
				ALWAYS_EMBED_SWIFT_STANDARD_LIBRARIES = YES;
				BUNDLE_LOADER = "$(TEST_HOST)";
				CODE_SIGN_STYLE = Automatic;
				DEVELOPMENT_TEAM = L8VFCZLW2Z;
				INFOPLIST_FILE = MassiveViewControllerTests/Info.plist;
				LD_RUNPATH_SEARCH_PATHS = (
					"$(inherited)",
					"@executable_path/Frameworks",
					"@loader_path/Frameworks",
				);
				PRODUCT_BUNDLE_IDENTIFIER = shiz.sample.MassiveViewControllerTests;
				PRODUCT_NAME = "$(TARGET_NAME)";
				SWIFT_VERSION = 5.0;
				TARGETED_DEVICE_FAMILY = "1,2";
				TEST_HOST = "$(BUILT_PRODUCTS_DIR)/MassiveViewController.app/MassiveViewController";
			};
			name = Release;
		};
/* End XCBuildConfiguration section */

/* Begin XCConfigurationList section */
		D63B4ECD2245E79800E32D6F /* Build configuration list for PBXProject "MassiveViewController" */ = {
			isa = XCConfigurationList;
			buildConfigurations = (
				D63B4EED2245E79A00E32D6F /* Debug */,
				D63B4EEE2245E79A00E32D6F /* Release */,
			);
			defaultConfigurationIsVisible = 0;
			defaultConfigurationName = Release;
		};
		D63B4EEF2245E79A00E32D6F /* Build configuration list for PBXNativeTarget "MassiveViewController" */ = {
			isa = XCConfigurationList;
			buildConfigurations = (
				D63B4EF02245E79A00E32D6F /* Debug */,
				D63B4EF12245E79A00E32D6F /* Release */,
			);
			defaultConfigurationIsVisible = 0;
			defaultConfigurationName = Release;
		};
		D63B4EF22245E79A00E32D6F /* Build configuration list for PBXNativeTarget "MassiveViewControllerTests" */ = {
			isa = XCConfigurationList;
			buildConfigurations = (
				D63B4EF32245E79A00E32D6F /* Debug */,
				D63B4EF42245E79A00E32D6F /* Release */,
			);
			defaultConfigurationIsVisible = 0;
			defaultConfigurationName = Release;
		};
/* End XCConfigurationList section */
	};
	rootObject = D63B4ECA2245E79800E32D6F /* Project object */;
}
